
Microsoft Visual Studio Solution File, Format Version 12.00
# Visual Studio Version 17
VisualStudioVersion = 17.1.32414.318
MinimumVisualStudioVersion = 10.0.40219.1
Project("{FAE04EC0-301F-11D3-BF4B-00C04F79EFBC}") = "WebApplication1", "WebApplication1\WebApplication1.csproj", "{62C0BA77-5B56-4126-A3C4-44E42189E25B}"
EndProject
Global
	GlobalSection(SolutionConfigurationPlatforms) = preSolution
		Debug|Any CPU = Debug|Any CPU
		Release|Any CPU = Release|Any CPU
	EndGlobalSection
	GlobalSection(ProjectConfigurationPlatforms) = postSolution
		{62C0BA77-5B56-4126-A3C4-44E42189E25B}.Debug|Any CPU.ActiveCfg = Debug|Any CPU
		{62C0BA77-5B56-4126-A3C4-44E42189E25B}.Debug|Any CPU.Build.0 = Debug|Any CPU
		{62C0BA77-5B56-4126-A3C4-44E42189E25B}.Release|Any CPU.ActiveCfg = Release|Any CPU
		{62C0BA77-5B56-4126-A3C4-44E42189E25B}.Release|Any CPU.Build.0 = Release|Any CPU
	EndGlobalSection
	GlobalSection(SolutionProperties) = preSolution
		HideSolutionNode = FALSE
	EndGlobalSection
	GlobalSection(ExtensibilityGlobals) = postSolution
		SolutionGuid = {0831FC61-D164-4FA3-91B4-9F85A9547002}
	EndGlobalSection
EndGlobal
