
Microsoft Visual Studio Solution File, Format Version 12.00
# Visual Studio Version 17
VisualStudioVersion = 17.2.32630.192
MinimumVisualStudioVersion = 10.0.40219.1
Project("{FAE04EC0-301F-11D3-BF4B-00C04F79EFBC}") = "ConsoleApp1", "ConsoleApp1\ConsoleApp1.csproj", "{5C194813-470C-4D22-97F0-F63BF297A904}"
EndProject
Global
	GlobalSection(SolutionConfigurationPlatforms) = preSolution
		Debug|Any CPU = Debug|Any CPU
		Release|Any CPU = Release|Any CPU
	EndGlobalSection
	GlobalSection(ProjectConfigurationPlatforms) = postSolution
		{5C194813-470C-4D22-97F0-F63BF297A904}.Debug|Any CPU.ActiveCfg = Debug|Any CPU
		{5C194813-470C-4D22-97F0-F63BF297A904}.Debug|Any CPU.Build.0 = Debug|Any CPU
		{5C194813-470C-4D22-97F0-F63BF297A904}.Release|Any CPU.ActiveCfg = Release|Any CPU
		{5C194813-470C-4D22-97F0-F63BF297A904}.Release|Any CPU.Build.0 = Release|Any CPU
	EndGlobalSection
	GlobalSection(SolutionProperties) = preSolution
		HideSolutionNode = FALSE
	EndGlobalSection
	GlobalSection(ExtensibilityGlobals) = postSolution
		SolutionGuid = {50E2EAA3-F259-453D-8E82-CA05814C28E2}
	EndGlobalSection
EndGlobal
